
Microsoft Visual Studio Solution File, Format Version 12.00
# Visual Studio Version 16
VisualStudioVersion = 16.0.31702.278
MinimumVisualStudioVersion = 10.0.40219.1
Project("{FAE04EC0-301F-11D3-BF4B-00C04F79EFBC}") = "TimerWebApp.Server", "TimerWebApp\Server\TimerWebApp.Server.csproj", "{B1D7B2CB-D8E8-43E0-BFA0-F6BCFABB393F}"
EndProject
Project("{FAE04EC0-301F-11D3-BF4B-00C04F79EFBC}") = "TimerWebApp.Client", "TimerWebApp\Client\TimerWebApp.Client.csproj", "{379D2187-AF1A-4ECF-93BA-58A8B5B00B5B}"
EndProject
Project("{FAE04EC0-301F-11D3-BF4B-00C04F79EFBC}") = "TimerWebApp.Shared", "TimerWebApp\Shared\TimerWebApp.Shared.csproj", "{D3A1B312-4B87-49EE-836F-846BF2906CB3}"
EndProject
Project("{FAE04EC0-301F-11D3-BF4B-00C04F79EFBC}") = "Kernel", "TimerWebApp\Kernel\Kernel.csproj", "{CA246A8C-1C39-4C94-B9AC-D84B406EDF09}"
EndProject
Project("{FAE04EC0-301F-11D3-BF4B-00C04F79EFBC}") = "Domain", "TimerWebApp\Domain\Domain.csproj", "{E5877BEF-971E-4AEF-AEA1-0D0A523183EA}"
EndProject
Global
	GlobalSection(SolutionConfigurationPlatforms) = preSolution
		Debug|Any CPU = Debug|Any CPU
		Release|Any CPU = Release|Any CPU
	EndGlobalSection
	GlobalSection(ProjectConfigurationPlatforms) = postSolution
		{B1D7B2CB-D8E8-43E0-BFA0-F6BCFABB393F}.Debug|Any CPU.ActiveCfg = Debug|Any CPU
		{B1D7B2CB-D8E8-43E0-BFA0-F6BCFABB393F}.Debug|Any CPU.Build.0 = Debug|Any CPU
		{B1D7B2CB-D8E8-43E0-BFA0-F6BCFABB393F}.Release|Any CPU.ActiveCfg = Release|Any CPU
		{B1D7B2CB-D8E8-43E0-BFA0-F6BCFABB393F}.Release|Any CPU.Build.0 = Release|Any CPU
		{379D2187-AF1A-4ECF-93BA-58A8B5B00B5B}.Debug|Any CPU.ActiveCfg = Debug|Any CPU
		{379D2187-AF1A-4ECF-93BA-58A8B5B00B5B}.Debug|Any CPU.Build.0 = Debug|Any CPU
		{379D2187-AF1A-4ECF-93BA-58A8B5B00B5B}.Release|Any CPU.ActiveCfg = Release|Any CPU
		{379D2187-AF1A-4ECF-93BA-58A8B5B00B5B}.Release|Any CPU.Build.0 = Release|Any CPU
		{D3A1B312-4B87-49EE-836F-846BF2906CB3}.Debug|Any CPU.ActiveCfg = Debug|Any CPU
		{D3A1B312-4B87-49EE-836F-846BF2906CB3}.Debug|Any CPU.Build.0 = Debug|Any CPU
		{D3A1B312-4B87-49EE-836F-846BF2906CB3}.Release|Any CPU.ActiveCfg = Release|Any CPU
		{D3A1B312-4B87-49EE-836F-846BF2906CB3}.Release|Any CPU.Build.0 = Release|Any CPU
		{CA246A8C-1C39-4C94-B9AC-D84B406EDF09}.Debug|Any CPU.ActiveCfg = Debug|Any CPU
		{CA246A8C-1C39-4C94-B9AC-D84B406EDF09}.Debug|Any CPU.Build.0 = Debug|Any CPU
		{CA246A8C-1C39-4C94-B9AC-D84B406EDF09}.Release|Any CPU.ActiveCfg = Release|Any CPU
		{CA246A8C-1C39-4C94-B9AC-D84B406EDF09}.Release|Any CPU.Build.0 = Release|Any CPU
		{E5877BEF-971E-4AEF-AEA1-0D0A523183EA}.Debug|Any CPU.ActiveCfg = Debug|Any CPU
		{E5877BEF-971E-4AEF-AEA1-0D0A523183EA}.Debug|Any CPU.Build.0 = Debug|Any CPU
		{E5877BEF-971E-4AEF-AEA1-0D0A523183EA}.Release|Any CPU.ActiveCfg = Release|Any CPU
		{E5877BEF-971E-4AEF-AEA1-0D0A523183EA}.Release|Any CPU.Build.0 = Release|Any CPU
	EndGlobalSection
	GlobalSection(SolutionProperties) = preSolution
		HideSolutionNode = FALSE
	EndGlobalSection
	GlobalSection(ExtensibilityGlobals) = postSolution
		SolutionGuid = {0826B13B-0593-4FDF-BA44-AB0E2F6A19CE}
	EndGlobalSection
EndGlobal
