
Microsoft Visual Studio Solution File, Format Version 12.00
# Visual Studio Version 16
VisualStudioVersion = 16.0.30804.86
MinimumVisualStudioVersion = 10.0.40219.1
Project("{9A19103F-16F7-4668-BE54-9A1E7A4F7556}") = "Server", "Server\Server.csproj", "{9E9F84EF-E64F-4A39-AEA6-05B952286A4C}"
EndProject
Project("{9A19103F-16F7-4668-BE54-9A1E7A4F7556}") = "Client", "Client\Client.csproj", "{C2FDF13C-4AF4-4A85-9DED-586F9D15756C}"
EndProject
Project("{9A19103F-16F7-4668-BE54-9A1E7A4F7556}") = "Library", "Library\Library.csproj", "{5D7DFF9C-C5DC-4828-AABF-B52998736C96}"
EndProject
Project("{FAE04EC0-301F-11D3-BF4B-00C04F79EFBC}") = "XUnitTests", "XUnitTests\XUnitTests.csproj", "{D1BEEF5E-151D-45B8-94B8-DA1003821040}"
EndProject
Global
	GlobalSection(SolutionConfigurationPlatforms) = preSolution
		Debug|Any CPU = Debug|Any CPU
		Release|Any CPU = Release|Any CPU
	EndGlobalSection
	GlobalSection(ProjectConfigurationPlatforms) = postSolution
		{9E9F84EF-E64F-4A39-AEA6-05B952286A4C}.Debug|Any CPU.ActiveCfg = Debug|Any CPU
		{9E9F84EF-E64F-4A39-AEA6-05B952286A4C}.Debug|Any CPU.Build.0 = Debug|Any CPU
		{9E9F84EF-E64F-4A39-AEA6-05B952286A4C}.Release|Any CPU.ActiveCfg = Release|Any CPU
		{9E9F84EF-E64F-4A39-AEA6-05B952286A4C}.Release|Any CPU.Build.0 = Release|Any CPU
		{C2FDF13C-4AF4-4A85-9DED-586F9D15756C}.Debug|Any CPU.ActiveCfg = Debug|Any CPU
		{C2FDF13C-4AF4-4A85-9DED-586F9D15756C}.Debug|Any CPU.Build.0 = Debug|Any CPU
		{C2FDF13C-4AF4-4A85-9DED-586F9D15756C}.Release|Any CPU.ActiveCfg = Release|Any CPU
		{C2FDF13C-4AF4-4A85-9DED-586F9D15756C}.Release|Any CPU.Build.0 = Release|Any CPU
		{5D7DFF9C-C5DC-4828-AABF-B52998736C96}.Debug|Any CPU.ActiveCfg = Debug|Any CPU
		{5D7DFF9C-C5DC-4828-AABF-B52998736C96}.Debug|Any CPU.Build.0 = Debug|Any CPU
		{5D7DFF9C-C5DC-4828-AABF-B52998736C96}.Release|Any CPU.ActiveCfg = Release|Any CPU
		{5D7DFF9C-C5DC-4828-AABF-B52998736C96}.Release|Any CPU.Build.0 = Release|Any CPU

		{D1BEEF5E-151D-45B8-94B8-DA1003821040}.Debug|Any CPU.ActiveCfg = Debug|Any CPU
		{D1BEEF5E-151D-45B8-94B8-DA1003821040}.Debug|Any CPU.Build.0 = Debug|Any CPU
		{D1BEEF5E-151D-45B8-94B8-DA1003821040}.Release|Any CPU.ActiveCfg = Release|Any CPU
		{D1BEEF5E-151D-45B8-94B8-DA1003821040}.Release|Any CPU.Build.0 = Release|Any CPU

	EndGlobalSection
	GlobalSection(SolutionProperties) = preSolution
		HideSolutionNode = FALSE
	EndGlobalSection
	GlobalSection(ExtensibilityGlobals) = postSolution
		SolutionGuid = {051A81C3-D32B-43BC-9991-32B679B5B955}
	EndGlobalSection
EndGlobal
