
Microsoft Visual Studio Solution File, Format Version 12.00
# Visual Studio Version 17
VisualStudioVersion = 17.2.32516.85
MinimumVisualStudioVersion = 10.0.40219.1
Project("{9A19103F-16F7-4668-BE54-9A1E7A4F7556}") = "UnitTests", "UnitTests\UnitTests.csproj", "{BD89F782-B395-4695-B262-34A39506D168}"
EndProject
Project("{9A19103F-16F7-4668-BE54-9A1E7A4F7556}") = "Kernel", "Kernel\Kernel.csproj", "{CD0D00EF-E30B-4BAF-9AE6-B09DBFA26756}"
EndProject
Project("{9A19103F-16F7-4668-BE54-9A1E7A4F7556}") = "Kernel.Domain", "Kernel.Domain\Kernel.Domain.csproj", "{2BCDD7F5-D8EF-4A22-A3F2-6926EE3DF0B2}"
EndProject
Project("{9A19103F-16F7-4668-BE54-9A1E7A4F7556}") = "UI", "UI\UI.csproj", "{65F9093D-7F73-472F-8CA6-27C875AC8C48}"
EndProject
Global
	GlobalSection(SolutionConfigurationPlatforms) = preSolution
		Debug|Any CPU = Debug|Any CPU
		Release|Any CPU = Release|Any CPU
	EndGlobalSection
	GlobalSection(ProjectConfigurationPlatforms) = postSolution
		{BD89F782-B395-4695-B262-34A39506D168}.Debug|Any CPU.ActiveCfg = Debug|Any CPU
		{BD89F782-B395-4695-B262-34A39506D168}.Debug|Any CPU.Build.0 = Debug|Any CPU
		{BD89F782-B395-4695-B262-34A39506D168}.Release|Any CPU.ActiveCfg = Release|Any CPU
		{BD89F782-B395-4695-B262-34A39506D168}.Release|Any CPU.Build.0 = Release|Any CPU
		{CD0D00EF-E30B-4BAF-9AE6-B09DBFA26756}.Debug|Any CPU.ActiveCfg = Debug|Any CPU
		{CD0D00EF-E30B-4BAF-9AE6-B09DBFA26756}.Debug|Any CPU.Build.0 = Debug|Any CPU
		{CD0D00EF-E30B-4BAF-9AE6-B09DBFA26756}.Release|Any CPU.ActiveCfg = Release|Any CPU
		{CD0D00EF-E30B-4BAF-9AE6-B09DBFA26756}.Release|Any CPU.Build.0 = Release|Any CPU
		{2BCDD7F5-D8EF-4A22-A3F2-6926EE3DF0B2}.Debug|Any CPU.ActiveCfg = Debug|Any CPU
		{2BCDD7F5-D8EF-4A22-A3F2-6926EE3DF0B2}.Debug|Any CPU.Build.0 = Debug|Any CPU
		{2BCDD7F5-D8EF-4A22-A3F2-6926EE3DF0B2}.Release|Any CPU.ActiveCfg = Release|Any CPU
		{2BCDD7F5-D8EF-4A22-A3F2-6926EE3DF0B2}.Release|Any CPU.Build.0 = Release|Any CPU
		{65F9093D-7F73-472F-8CA6-27C875AC8C48}.Debug|Any CPU.ActiveCfg = Debug|Any CPU
		{65F9093D-7F73-472F-8CA6-27C875AC8C48}.Debug|Any CPU.Build.0 = Debug|Any CPU
		{65F9093D-7F73-472F-8CA6-27C875AC8C48}.Release|Any CPU.ActiveCfg = Release|Any CPU
		{65F9093D-7F73-472F-8CA6-27C875AC8C48}.Release|Any CPU.Build.0 = Release|Any CPU
	EndGlobalSection
	GlobalSection(SolutionProperties) = preSolution
		HideSolutionNode = FALSE
	EndGlobalSection
	GlobalSection(ExtensibilityGlobals) = postSolution
		SolutionGuid = {5B88496D-E6C4-4CD8-A941-7F8ED5A414FC}
	EndGlobalSection
EndGlobal
